
Microsoft Visual Studio Solution File, Format Version 12.00
# Visual Studio Version 16
VisualStudioVersion = 16.0.30709.132
MinimumVisualStudioVersion = 10.0.40219.1
Project("{9A19103F-16F7-4668-BE54-9A1E7A4F7556}") = "CodeGen", "CodeGen\CodeGen.csproj", "{CF312A36-A65E-414E-8513-02CF56FA111D}"
EndProject
Project("{9A19103F-16F7-4668-BE54-9A1E7A4F7556}") = "CodeGen.API", "CodeGen.API\CodeGen.API.csproj", "{B16BFC82-9322-47DA-B206-B8076B0FF27E}"
EndProject
Project("{FAE04EC0-301F-11D3-BF4B-00C04F79EFBC}") = "CodeGen.Models", "CodeGen.Models\CodeGen.Models.csproj", "{BA344E66-DB9D-4F88-85F8-E5E3594C0165}"
EndProject
Project("{FAE04EC0-301F-11D3-BF4B-00C04F79EFBC}") = "CodeGen.Framework", "CodeGen.Framework\CodeGen.Framework.csproj", "{5D95365F-BADE-44C0-960C-87206E14D25F}"
EndProject
Global
	GlobalSection(SolutionConfigurationPlatforms) = preSolution
		Debug|Any CPU = Debug|Any CPU
		Release|Any CPU = Release|Any CPU
	EndGlobalSection
	GlobalSection(ProjectConfigurationPlatforms) = postSolution
		{CF312A36-A65E-414E-8513-02CF56FA111D}.Debug|Any CPU.ActiveCfg = Debug|Any CPU
		{CF312A36-A65E-414E-8513-02CF56FA111D}.Debug|Any CPU.Build.0 = Debug|Any CPU
		{CF312A36-A65E-414E-8513-02CF56FA111D}.Release|Any CPU.ActiveCfg = Release|Any CPU
		{CF312A36-A65E-414E-8513-02CF56FA111D}.Release|Any CPU.Build.0 = Release|Any CPU
		{B16BFC82-9322-47DA-B206-B8076B0FF27E}.Debug|Any CPU.ActiveCfg = Debug|Any CPU
		{B16BFC82-9322-47DA-B206-B8076B0FF27E}.Debug|Any CPU.Build.0 = Debug|Any CPU
		{B16BFC82-9322-47DA-B206-B8076B0FF27E}.Release|Any CPU.ActiveCfg = Release|Any CPU
		{B16BFC82-9322-47DA-B206-B8076B0FF27E}.Release|Any CPU.Build.0 = Release|Any CPU
		{BA344E66-DB9D-4F88-85F8-E5E3594C0165}.Debug|Any CPU.ActiveCfg = Debug|Any CPU
		{BA344E66-DB9D-4F88-85F8-E5E3594C0165}.Debug|Any CPU.Build.0 = Debug|Any CPU
		{BA344E66-DB9D-4F88-85F8-E5E3594C0165}.Release|Any CPU.ActiveCfg = Release|Any CPU
		{BA344E66-DB9D-4F88-85F8-E5E3594C0165}.Release|Any CPU.Build.0 = Release|Any CPU
		{5D95365F-BADE-44C0-960C-87206E14D25F}.Debug|Any CPU.ActiveCfg = Debug|Any CPU
		{5D95365F-BADE-44C0-960C-87206E14D25F}.Debug|Any CPU.Build.0 = Debug|Any CPU
		{5D95365F-BADE-44C0-960C-87206E14D25F}.Release|Any CPU.ActiveCfg = Release|Any CPU
		{5D95365F-BADE-44C0-960C-87206E14D25F}.Release|Any CPU.Build.0 = Release|Any CPU
	EndGlobalSection
	GlobalSection(SolutionProperties) = preSolution
		HideSolutionNode = FALSE
	EndGlobalSection
	GlobalSection(ExtensibilityGlobals) = postSolution
		SolutionGuid = {09DFAFD9-23C9-44DC-B263-029A5EB0AEAB}
	EndGlobalSection
EndGlobal
